
Microsoft Visual Studio Solution File, Format Version 12.00
# Visual Studio 15
Project("{FAE04EC0-301F-11D3-BF4B-00C04F79EFBC}") = "Assembly-CSharp", "Assembly-CSharp.csproj", "{72902CBF-2B83-374C-9767-1FE5D2EA94E2}"
EndProject
Project("{FAE04EC0-301F-11D3-BF4B-00C04F79EFBC}") = "Assembly-CSharp-Editor", "Assembly-CSharp-Editor.csproj", "{EA0DED35-6DBA-6DF4-9030-FD51A5BFF9EB}"
EndProject
Global
	GlobalSection(SolutionConfigurationPlatforms) = preSolution
		Debug|Any CPU = Debug|Any CPU
		Release|Any CPU = Release|Any CPU
	EndGlobalSection
	GlobalSection(ProjectConfigurationPlatforms) = postSolution
		{72902CBF-2B83-374C-9767-1FE5D2EA94E2}.Debug|Any CPU.ActiveCfg = Debug|Any CPU
		{72902CBF-2B83-374C-9767-1FE5D2EA94E2}.Debug|Any CPU.Build.0 = Debug|Any CPU
		{72902CBF-2B83-374C-9767-1FE5D2EA94E2}.Release|Any CPU.ActiveCfg = Release|Any CPU
		{72902CBF-2B83-374C-9767-1FE5D2EA94E2}.Release|Any CPU.Build.0 = Release|Any CPU
		{EA0DED35-6DBA-6DF4-9030-FD51A5BFF9EB}.Debug|Any CPU.ActiveCfg = Debug|Any CPU
		{EA0DED35-6DBA-6DF4-9030-FD51A5BFF9EB}.Debug|Any CPU.Build.0 = Debug|Any CPU
		{EA0DED35-6DBA-6DF4-9030-FD51A5BFF9EB}.Release|Any CPU.ActiveCfg = Release|Any CPU
		{EA0DED35-6DBA-6DF4-9030-FD51A5BFF9EB}.Release|Any CPU.Build.0 = Release|Any CPU
	EndGlobalSection
	GlobalSection(SolutionProperties) = preSolution
		HideSolutionNode = FALSE
	EndGlobalSection
EndGlobal
